
Microsoft Visual Studio Solution File, Format Version 12.00
# Visual Studio Version 17
VisualStudioVersion = 17.1.32421.90
MinimumVisualStudioVersion = 10.0.40219.1
Project("{9A19103F-16F7-4668-BE54-9A1E7A4F7556}") = "CollectionTools.Core", "CollectionTools.Core\CollectionTools.Core.csproj", "{2AA59A23-F4FA-4CC2-8E16-C96395F3DE02}"
EndProject
Project("{9A19103F-16F7-4668-BE54-9A1E7A4F7556}") = "CollectionTools.Tests", "CollectionTools.Tests\CollectionTools.Tests.csproj", "{AFC508EE-E187-4E83-B837-BA35974CD1C8}"
EndProject
Project("{9A19103F-16F7-4668-BE54-9A1E7A4F7556}") = "CollectionTools.Console.FirstNegativeNumber", "CollectionTools.Console.FirstNegativeNumber\CollectionTools.Console.FirstNegativeNumber.csproj", "{F8976DA9-773D-4691-9C56-16162701781F}"
EndProject
Global
	GlobalSection(SolutionConfigurationPlatforms) = preSolution
		Debug|Any CPU = Debug|Any CPU
		Release|Any CPU = Release|Any CPU
	EndGlobalSection
	GlobalSection(ProjectConfigurationPlatforms) = postSolution
		{2AA59A23-F4FA-4CC2-8E16-C96395F3DE02}.Debug|Any CPU.ActiveCfg = Debug|Any CPU
		{2AA59A23-F4FA-4CC2-8E16-C96395F3DE02}.Debug|Any CPU.Build.0 = Debug|Any CPU
		{2AA59A23-F4FA-4CC2-8E16-C96395F3DE02}.Release|Any CPU.ActiveCfg = Release|Any CPU
		{2AA59A23-F4FA-4CC2-8E16-C96395F3DE02}.Release|Any CPU.Build.0 = Release|Any CPU
		{AFC508EE-E187-4E83-B837-BA35974CD1C8}.Debug|Any CPU.ActiveCfg = Debug|Any CPU
		{AFC508EE-E187-4E83-B837-BA35974CD1C8}.Debug|Any CPU.Build.0 = Debug|Any CPU
		{AFC508EE-E187-4E83-B837-BA35974CD1C8}.Release|Any CPU.ActiveCfg = Release|Any CPU
		{AFC508EE-E187-4E83-B837-BA35974CD1C8}.Release|Any CPU.Build.0 = Release|Any CPU
		{F8976DA9-773D-4691-9C56-16162701781F}.Debug|Any CPU.ActiveCfg = Debug|Any CPU
		{F8976DA9-773D-4691-9C56-16162701781F}.Debug|Any CPU.Build.0 = Debug|Any CPU
		{F8976DA9-773D-4691-9C56-16162701781F}.Release|Any CPU.ActiveCfg = Release|Any CPU
		{F8976DA9-773D-4691-9C56-16162701781F}.Release|Any CPU.Build.0 = Release|Any CPU
	EndGlobalSection
	GlobalSection(SolutionProperties) = preSolution
		HideSolutionNode = FALSE
	EndGlobalSection
	GlobalSection(ExtensibilityGlobals) = postSolution
		SolutionGuid = {7BEC70A2-32EE-4357-92E9-45B69C2F85C9}
	EndGlobalSection
EndGlobal
